
Microsoft Visual Studio Solution File, Format Version 12.00
# Visual Studio Version 16
VisualStudioVersion = 16.0.31829.152
MinimumVisualStudioVersion = 10.0.40219.1
Project("{FAE04EC0-301F-11D3-BF4B-00C04F79EFBC}") = "ConsoleUI", "ConsoleUI\ConsoleUI.csproj", "{95D6B45C-F79B-4B56-9E37-3A6B0402A9AA}"
EndProject
Project("{FAE04EC0-301F-11D3-BF4B-00C04F79EFBC}") = "GuestBookLibrary", "GuestBookLibrary\GuestBookLibrary.csproj", "{32561799-C335-4D21-8ACC-EF8C3AE7E1ED}"
EndProject
Global
	GlobalSection(SolutionConfigurationPlatforms) = preSolution
		Debug|Any CPU = Debug|Any CPU
		Release|Any CPU = Release|Any CPU
	EndGlobalSection
	GlobalSection(ProjectConfigurationPlatforms) = postSolution
		{95D6B45C-F79B-4B56-9E37-3A6B0402A9AA}.Debug|Any CPU.ActiveCfg = Debug|Any CPU
		{95D6B45C-F79B-4B56-9E37-3A6B0402A9AA}.Debug|Any CPU.Build.0 = Debug|Any CPU
		{95D6B45C-F79B-4B56-9E37-3A6B0402A9AA}.Release|Any CPU.ActiveCfg = Release|Any CPU
		{95D6B45C-F79B-4B56-9E37-3A6B0402A9AA}.Release|Any CPU.Build.0 = Release|Any CPU
		{32561799-C335-4D21-8ACC-EF8C3AE7E1ED}.Debug|Any CPU.ActiveCfg = Debug|Any CPU
		{32561799-C335-4D21-8ACC-EF8C3AE7E1ED}.Debug|Any CPU.Build.0 = Debug|Any CPU
		{32561799-C335-4D21-8ACC-EF8C3AE7E1ED}.Release|Any CPU.ActiveCfg = Release|Any CPU
		{32561799-C335-4D21-8ACC-EF8C3AE7E1ED}.Release|Any CPU.Build.0 = Release|Any CPU
	EndGlobalSection
	GlobalSection(SolutionProperties) = preSolution
		HideSolutionNode = FALSE
	EndGlobalSection
	GlobalSection(ExtensibilityGlobals) = postSolution
		SolutionGuid = {03E0938F-0207-4982-8894-91EBD959534F}
	EndGlobalSection
EndGlobal
